
Microsoft Visual Studio Solution File, Format Version 12.00
# Visual Studio Version 17
VisualStudioVersion = 17.4.33213.308
MinimumVisualStudioVersion = 10.0.40219.1
Project("{FAE04EC0-301F-11D3-BF4B-00C04F79EFBC}") = "prog122_lecture9", "prog122_lecture9.csproj", "{6F05B85F-2B5F-4891-A56D-248C1F77B753}"
EndProject
Global
	GlobalSection(SolutionConfigurationPlatforms) = preSolution
		Debug|Any CPU = Debug|Any CPU
		Release|Any CPU = Release|Any CPU
	EndGlobalSection
	GlobalSection(ProjectConfigurationPlatforms) = postSolution
		{6F05B85F-2B5F-4891-A56D-248C1F77B753}.Debug|Any CPU.ActiveCfg = Debug|Any CPU
		{6F05B85F-2B5F-4891-A56D-248C1F77B753}.Debug|Any CPU.Build.0 = Debug|Any CPU
		{6F05B85F-2B5F-4891-A56D-248C1F77B753}.Release|Any CPU.ActiveCfg = Release|Any CPU
		{6F05B85F-2B5F-4891-A56D-248C1F77B753}.Release|Any CPU.Build.0 = Release|Any CPU
	EndGlobalSection
	GlobalSection(SolutionProperties) = preSolution
		HideSolutionNode = FALSE
	EndGlobalSection
	GlobalSection(ExtensibilityGlobals) = postSolution
		SolutionGuid = {ED5FB086-F20F-4252-8EF9-8D5C30FAED55}
	EndGlobalSection
EndGlobal
